
Microsoft Visual Studio Solution File, Format Version 12.00
# Visual Studio Version 17
VisualStudioVersion = 17.8.34330.188
MinimumVisualStudioVersion = 10.0.40219.1
Project("{9A19103F-16F7-4668-BE54-9A1E7A4F7556}") = "plugin", "plugin.csproj", "{90797A85-B1C6-47F4-85CD-5A593055320E}"
EndProject
Project("{FAE04EC0-301F-11D3-BF4B-00C04F79EFBC}") = "pluginTest", "..\pluginTest\pluginTest.csproj", "{C4F35661-C739-4AC3-89C0-1F27BE5E8BB8}"
EndProject
Global
	GlobalSection(SolutionConfigurationPlatforms) = preSolution
		Debug|Any CPU = Debug|Any CPU
		Release|Any CPU = Release|Any CPU
	EndGlobalSection
	GlobalSection(ProjectConfigurationPlatforms) = postSolution
		{90797A85-B1C6-47F4-85CD-5A593055320E}.Debug|Any CPU.ActiveCfg = Debug|Any CPU
		{90797A85-B1C6-47F4-85CD-5A593055320E}.Debug|Any CPU.Build.0 = Debug|Any CPU
		{90797A85-B1C6-47F4-85CD-5A593055320E}.Release|Any CPU.ActiveCfg = Release|Any CPU
		{90797A85-B1C6-47F4-85CD-5A593055320E}.Release|Any CPU.Build.0 = Release|Any CPU
		{C4F35661-C739-4AC3-89C0-1F27BE5E8BB8}.Debug|Any CPU.ActiveCfg = Debug|Any CPU
		{C4F35661-C739-4AC3-89C0-1F27BE5E8BB8}.Debug|Any CPU.Build.0 = Debug|Any CPU
		{C4F35661-C739-4AC3-89C0-1F27BE5E8BB8}.Release|Any CPU.ActiveCfg = Release|Any CPU
		{C4F35661-C739-4AC3-89C0-1F27BE5E8BB8}.Release|Any CPU.Build.0 = Release|Any CPU
	EndGlobalSection
	GlobalSection(SolutionProperties) = preSolution
		HideSolutionNode = FALSE
	EndGlobalSection
	GlobalSection(ExtensibilityGlobals) = postSolution
		SolutionGuid = {10D97426-A91B-4C7F-A53B-B2E7CE59F040}
	EndGlobalSection
EndGlobal
